
Microsoft Visual Studio Solution File, Format Version 12.00
# Visual Studio 14
VisualStudioVersion = 14.0.25420.1
MinimumVisualStudioVersion = 10.0.40219.1
Project("{FAE04EC0-301F-11D3-BF4B-00C04F79EFBC}") = "SISCO.Web", "SISCO.Web\SISCO.Web.csproj", "{53617710-9AFA-4A4E-8BDC-EF52F1C65CDB}"
EndProject
Project("{FAE04EC0-301F-11D3-BF4B-00C04F79EFBC}") = "SISCO.CapaDatos", "SISCO.CapaDatos\SISCO.CapaDatos.csproj", "{0112EAA1-AD7E-4C36-880C-BFC253AC0EC5}"
EndProject
Project("{FAE04EC0-301F-11D3-BF4B-00C04F79EFBC}") = "SISCO.CapaLogica", "SISCO.CapaLogica\SISCO.CapaLogica.csproj", "{3310AAA7-1920-453E-8F88-9800581E7CF4}"
EndProject
Project("{FAE04EC0-301F-11D3-BF4B-00C04F79EFBC}") = "SISCO.CapaNegocio", "SISCO.CapaNegocio\SISCO.CapaNegocio.csproj", "{B29139F5-3B99-4F9C-B7AA-343ACCEFD023}"
EndProject
Global
	GlobalSection(SolutionConfigurationPlatforms) = preSolution
		Debug|Any CPU = Debug|Any CPU
		Release|Any CPU = Release|Any CPU
	EndGlobalSection
	GlobalSection(ProjectConfigurationPlatforms) = postSolution
		{53617710-9AFA-4A4E-8BDC-EF52F1C65CDB}.Debug|Any CPU.ActiveCfg = Debug|Any CPU
		{53617710-9AFA-4A4E-8BDC-EF52F1C65CDB}.Debug|Any CPU.Build.0 = Debug|Any CPU
		{53617710-9AFA-4A4E-8BDC-EF52F1C65CDB}.Release|Any CPU.ActiveCfg = Release|Any CPU
		{53617710-9AFA-4A4E-8BDC-EF52F1C65CDB}.Release|Any CPU.Build.0 = Release|Any CPU
		{0112EAA1-AD7E-4C36-880C-BFC253AC0EC5}.Debug|Any CPU.ActiveCfg = Debug|Any CPU
		{0112EAA1-AD7E-4C36-880C-BFC253AC0EC5}.Debug|Any CPU.Build.0 = Debug|Any CPU
		{0112EAA1-AD7E-4C36-880C-BFC253AC0EC5}.Release|Any CPU.ActiveCfg = Release|Any CPU
		{0112EAA1-AD7E-4C36-880C-BFC253AC0EC5}.Release|Any CPU.Build.0 = Release|Any CPU
		{3310AAA7-1920-453E-8F88-9800581E7CF4}.Debug|Any CPU.ActiveCfg = Debug|Any CPU
		{3310AAA7-1920-453E-8F88-9800581E7CF4}.Debug|Any CPU.Build.0 = Debug|Any CPU
		{3310AAA7-1920-453E-8F88-9800581E7CF4}.Release|Any CPU.ActiveCfg = Release|Any CPU
		{3310AAA7-1920-453E-8F88-9800581E7CF4}.Release|Any CPU.Build.0 = Release|Any CPU
		{B29139F5-3B99-4F9C-B7AA-343ACCEFD023}.Debug|Any CPU.ActiveCfg = Debug|Any CPU
		{B29139F5-3B99-4F9C-B7AA-343ACCEFD023}.Debug|Any CPU.Build.0 = Debug|Any CPU
		{B29139F5-3B99-4F9C-B7AA-343ACCEFD023}.Release|Any CPU.ActiveCfg = Release|Any CPU
		{B29139F5-3B99-4F9C-B7AA-343ACCEFD023}.Release|Any CPU.Build.0 = Release|Any CPU
	EndGlobalSection
	GlobalSection(SolutionProperties) = preSolution
		HideSolutionNode = FALSE
	EndGlobalSection
	GlobalSection(ExtensibilityGlobals) = postSolution
		SolutionGuid = {DFC229C1-CF97-425E-A947-330A4CFFDC9A}
	EndGlobalSection
EndGlobal
